
Microsoft Visual Studio Solution File, Format Version 12.00
Project("{FAE04EC0-301F-11D3-BF4B-00C04F79EFBC}") = "SchemaRegistry", "SchemaRegistry\SchemaRegistry.csproj", "{7AF3361C-0EF9-41EC-88B5-B5ACFEB56F54}"
EndProject
Project("{FAE04EC0-301F-11D3-BF4B-00C04F79EFBC}") = "SchemaRegistryTests", "SchemaRegistryTests\SchemaRegistryTests.csproj", "{3D1C1A11-853C-48ED-8EB4-A4BFDD19481D}"
EndProject
Project("{FAE04EC0-301F-11D3-BF4B-00C04F79EFBC}") = "SchemaRegistry.JsonStore", "SchemaRegistry.JsonStore\SchemaRegistry.JsonStore.csproj", "{E39C1D73-8F37-43C1-897B-6E41A8B145F1}"
EndProject
Project("{FAE04EC0-301F-11D3-BF4B-00C04F79EFBC}") = "SchemaRegistry.RedisStore", "SchemaRegistry.RedisStore\SchemaRegistry.RedisStore.csproj", "{2E81990D-F056-475E-AE8A-D9E0F403427B}"
EndProject
Project("{FAE04EC0-301F-11D3-BF4B-00C04F79EFBC}") = "SchemaRegistry.Parquet", "SchemaRegistry.Parquet\SchemaRegistry.Parquet.csproj", "{F61A30CC-F91D-4F63-B9CC-A529FE886666}"
EndProject
Project("{FAE04EC0-301F-11D3-BF4B-00C04F79EFBC}") = "SchemaRegistry.Avro", "SchemaRegistry.Avro\SchemaRegistry.Avro.csproj", "{15DEA040-BA3F-4E35-B72C-DFF5AE38C6A2}"
EndProject
Project("{FAE04EC0-301F-11D3-BF4B-00C04F79EFBC}") = "SchemaRegistry.Microsoft.DependencyInjection", "SchemaRegistry.Microsoft.DependencyInjection\SchemaRegistry.Microsoft.DependencyInjection.csproj", "{D9F06F81-E419-4ABF-8A57-7B9517B37FDC}"
EndProject
Project("{FAE04EC0-301F-11D3-BF4B-00C04F79EFBC}") = "SchemaRegistry.Sample.Api", "SchemaRegistry.Sample.Api\SchemaRegistry.Sample.Api.csproj", "{40CD57C6-A147-4CAE-BA55-2B404BBEDA0E}"
EndProject
Global
	GlobalSection(SolutionConfigurationPlatforms) = preSolution
		Debug|Any CPU = Debug|Any CPU
		Release|Any CPU = Release|Any CPU
	EndGlobalSection
	GlobalSection(ProjectConfigurationPlatforms) = postSolution
		{7AF3361C-0EF9-41EC-88B5-B5ACFEB56F54}.Debug|Any CPU.ActiveCfg = Debug|Any CPU
		{7AF3361C-0EF9-41EC-88B5-B5ACFEB56F54}.Debug|Any CPU.Build.0 = Debug|Any CPU
		{7AF3361C-0EF9-41EC-88B5-B5ACFEB56F54}.Release|Any CPU.ActiveCfg = Release|Any CPU
		{7AF3361C-0EF9-41EC-88B5-B5ACFEB56F54}.Release|Any CPU.Build.0 = Release|Any CPU
		{3D1C1A11-853C-48ED-8EB4-A4BFDD19481D}.Debug|Any CPU.ActiveCfg = Debug|Any CPU
		{3D1C1A11-853C-48ED-8EB4-A4BFDD19481D}.Debug|Any CPU.Build.0 = Debug|Any CPU
		{3D1C1A11-853C-48ED-8EB4-A4BFDD19481D}.Release|Any CPU.ActiveCfg = Release|Any CPU
		{3D1C1A11-853C-48ED-8EB4-A4BFDD19481D}.Release|Any CPU.Build.0 = Release|Any CPU
		{E39C1D73-8F37-43C1-897B-6E41A8B145F1}.Debug|Any CPU.ActiveCfg = Debug|Any CPU
		{E39C1D73-8F37-43C1-897B-6E41A8B145F1}.Debug|Any CPU.Build.0 = Debug|Any CPU
		{E39C1D73-8F37-43C1-897B-6E41A8B145F1}.Release|Any CPU.ActiveCfg = Release|Any CPU
		{E39C1D73-8F37-43C1-897B-6E41A8B145F1}.Release|Any CPU.Build.0 = Release|Any CPU
		{2E81990D-F056-475E-AE8A-D9E0F403427B}.Debug|Any CPU.ActiveCfg = Debug|Any CPU
		{2E81990D-F056-475E-AE8A-D9E0F403427B}.Debug|Any CPU.Build.0 = Debug|Any CPU
		{2E81990D-F056-475E-AE8A-D9E0F403427B}.Release|Any CPU.ActiveCfg = Release|Any CPU
		{2E81990D-F056-475E-AE8A-D9E0F403427B}.Release|Any CPU.Build.0 = Release|Any CPU
		{F61A30CC-F91D-4F63-B9CC-A529FE886666}.Debug|Any CPU.ActiveCfg = Debug|Any CPU
		{F61A30CC-F91D-4F63-B9CC-A529FE886666}.Debug|Any CPU.Build.0 = Debug|Any CPU
		{F61A30CC-F91D-4F63-B9CC-A529FE886666}.Release|Any CPU.ActiveCfg = Release|Any CPU
		{F61A30CC-F91D-4F63-B9CC-A529FE886666}.Release|Any CPU.Build.0 = Release|Any CPU
		{15DEA040-BA3F-4E35-B72C-DFF5AE38C6A2}.Debug|Any CPU.ActiveCfg = Debug|Any CPU
		{15DEA040-BA3F-4E35-B72C-DFF5AE38C6A2}.Debug|Any CPU.Build.0 = Debug|Any CPU
		{15DEA040-BA3F-4E35-B72C-DFF5AE38C6A2}.Release|Any CPU.ActiveCfg = Release|Any CPU
		{15DEA040-BA3F-4E35-B72C-DFF5AE38C6A2}.Release|Any CPU.Build.0 = Release|Any CPU
		{D9F06F81-E419-4ABF-8A57-7B9517B37FDC}.Debug|Any CPU.ActiveCfg = Debug|Any CPU
		{D9F06F81-E419-4ABF-8A57-7B9517B37FDC}.Debug|Any CPU.Build.0 = Debug|Any CPU
		{D9F06F81-E419-4ABF-8A57-7B9517B37FDC}.Release|Any CPU.ActiveCfg = Release|Any CPU
		{D9F06F81-E419-4ABF-8A57-7B9517B37FDC}.Release|Any CPU.Build.0 = Release|Any CPU
		{40CD57C6-A147-4CAE-BA55-2B404BBEDA0E}.Debug|Any CPU.ActiveCfg = Debug|Any CPU
		{40CD57C6-A147-4CAE-BA55-2B404BBEDA0E}.Debug|Any CPU.Build.0 = Debug|Any CPU
		{40CD57C6-A147-4CAE-BA55-2B404BBEDA0E}.Release|Any CPU.ActiveCfg = Release|Any CPU
		{40CD57C6-A147-4CAE-BA55-2B404BBEDA0E}.Release|Any CPU.Build.0 = Release|Any CPU
	EndGlobalSection
EndGlobal
